// !$*UTF8*$!
{
	archiveVersion = 1;
	classes = {
	};
	objectVersion = 48;
	objects = {

/* Begin PBXBuildFile section */
		0C5E18DD8BF62B108B175049 /* libPods-BuDeJie2.a in Frameworks */ = {isa = PBXBuildFile; fileRef = 822F2343421196749232F885 /* libPods-BuDeJie2.a */; };
		640EDC3E2189993100A217F5 /* WSSubTagViewController.m in Sources */ = {isa = PBXBuildFile; fileRef = 640EDC3D2189993100A217F5 /* WSSubTagViewController.m */; };
		640EDC4221899BAD00A217F5 /* WSConst.m in Sources */ = {isa = PBXBuildFile; fileRef = 640EDC4121899BAD00A217F5 /* WSConst.m */; };
		640EDC4521899DCC00A217F5 /* WSSubTagItem.m in Sources */ = {isa = PBXBuildFile; fileRef = 640EDC4421899DCC00A217F5 /* WSSubTagItem.m */; };
		640EDC4921899FCA00A217F5 /* WSSubTagCell.m in Sources */ = {isa = PBXBuildFile; fileRef = 640EDC4721899FCA00A217F5 /* WSSubTagCell.m */; };
		640EDC4A21899FCB00A217F5 /* WSSubTagCell.xib in Resources */ = {isa = PBXBuildFile; fileRef = 640EDC4821899FCA00A217F5 /* WSSubTagCell.xib */; };
		640EDC4D2189B37400A217F5 /* WSFriendTrendNoLoginView.m in Sources */ = {isa = PBXBuildFile; fileRef = 640EDC4C2189B37400A217F5 /* WSFriendTrendNoLoginView.m */; };
		640EDC4F2189B38B00A217F5 /* WSFriendTrendNoLoginView.xib in Resources */ = {isa = PBXBuildFile; fileRef = 640EDC4E2189B38B00A217F5 /* WSFriendTrendNoLoginView.xib */; };
		640EDC53218A8AC600A217F5 /* WSLoginRegisterViewController.m in Sources */ = {isa = PBXBuildFile; fileRef = 640EDC51218A8AC600A217F5 /* WSLoginRegisterViewController.m */; };
		640EDC57218A9B1D00A217F5 /* WSRegisterLoginView.m in Sources */ = {isa = PBXBuildFile; fileRef = 640EDC56218A9B1D00A217F5 /* WSRegisterLoginView.m */; };
		640EDC59218A9B2B00A217F5 /* WSRegisterLoginView.xib in Resources */ = {isa = PBXBuildFile; fileRef = 640EDC58218A9B2B00A217F5 /* WSRegisterLoginView.xib */; };
		640EDC5C218ACF2E00A217F5 /* WSLoginTextField.m in Sources */ = {isa = PBXBuildFile; fileRef = 640EDC5B218ACF2E00A217F5 /* WSLoginTextField.m */; };
		640EDC5F218AD1DF00A217F5 /* UITextField+placeholder.m in Sources */ = {isa = PBXBuildFile; fileRef = 640EDC5E218AD1DF00A217F5 /* UITextField+placeholder.m */; };
		640EDC61218AE22D00A217F5 /* mine.storyboard in Resources */ = {isa = PBXBuildFile; fileRef = 640EDC60218AE22D00A217F5 /* mine.storyboard */; };
		640EDC65218AEB6600A217F5 /* WSSquareCell.m in Sources */ = {isa = PBXBuildFile; fileRef = 640EDC63218AEB6600A217F5 /* WSSquareCell.m */; };
		640EDC66218AEB6600A217F5 /* WSSquareCell.xib in Resources */ = {isa = PBXBuildFile; fileRef = 640EDC64218AEB6600A217F5 /* WSSquareCell.xib */; };
		640EDC69218AEDA000A217F5 /* WSSquareItem.m in Sources */ = {isa = PBXBuildFile; fileRef = 640EDC68218AEDA000A217F5 /* WSSquareItem.m */; };
		641A9E1621893790009E0ECE /* WSADViewController.xib in Resources */ = {isa = PBXBuildFile; fileRef = 641A9E1421893790009E0ECE /* WSADViewController.xib */; };
		641A9E2021895D09009E0ECE /* LaunchImage@2x.png in Resources */ = {isa = PBXBuildFile; fileRef = 641A9E1921895D09009E0ECE /* LaunchImage@2x.png */; };
		641A9E2121895D09009E0ECE /* LaunchImage-568h@2x.png in Resources */ = {isa = PBXBuildFile; fileRef = 641A9E1A21895D09009E0ECE /* LaunchImage-568h@2x.png */; };
		641A9E2221895D09009E0ECE /* LaunchImage-800-667h@2x.png in Resources */ = {isa = PBXBuildFile; fileRef = 641A9E1B21895D09009E0ECE /* LaunchImage-800-667h@2x.png */; };
		641A9E2321895D09009E0ECE /* LaunchImage-800-Portrait-736h@3x.png in Resources */ = {isa = PBXBuildFile; fileRef = 641A9E1C21895D09009E0ECE /* LaunchImage-800-Portrait-736h@3x.png */; };
		641A9E2421895D09009E0ECE /* LaunchImage-700@2x.png in Resources */ = {isa = PBXBuildFile; fileRef = 641A9E1D21895D09009E0ECE /* LaunchImage-700@2x.png */; };
		641A9E2521895D09009E0ECE /* LaunchImage-700-568h@2x.png in Resources */ = {isa = PBXBuildFile; fileRef = 641A9E1E21895D09009E0ECE /* LaunchImage-700-568h@2x.png */; };
		641A9E2621895D09009E0ECE /* LaunchImage.png in Resources */ = {isa = PBXBuildFile; fileRef = 641A9E1F21895D09009E0ECE /* LaunchImage.png */; };
		641A9E30218977E5009E0ECE /* AFHTTPSessionManager+manager.m in Sources */ = {isa = PBXBuildFile; fileRef = 641A9E2F218977E5009E0ECE /* AFHTTPSessionManager+manager.m */; };
		641A9E3321897EEE009E0ECE /* WSADItem.m in Sources */ = {isa = PBXBuildFile; fileRef = 641A9E3221897EEE009E0ECE /* WSADItem.m */; };
		64223C4C218BDAEA008F64D9 /* WSLoginRegisterViewController.storyboard in Resources */ = {isa = PBXBuildFile; fileRef = 64223C4B218BDAEA008F64D9 /* WSLoginRegisterViewController.storyboard */; };
		64223C4F218BDF13008F64D9 /* WSFastLoginViewController.m in Sources */ = {isa = PBXBuildFile; fileRef = 64223C4E218BDF13008F64D9 /* WSFastLoginViewController.m */; };
		64223C52218BF51A008F64D9 /* WSFastButton.m in Sources */ = {isa = PBXBuildFile; fileRef = 64223C51218BF51A008F64D9 /* WSFastButton.m */; };
		64223C56218C38FB008F64D9 /* WSFileTool.m in Sources */ = {isa = PBXBuildFile; fileRef = 64223C55218C38FB008F64D9 /* WSFileTool.m */; };
		642907102189877C00CEDDB3 /* WSADViewController.m in Sources */ = {isa = PBXBuildFile; fileRef = 641A9E1321893790009E0ECE /* WSADViewController.m */; };
		64347A9F218FD33D008AF92C /* WSAllViewController.m in Sources */ = {isa = PBXBuildFile; fileRef = 64347A9E218FD33D008AF92C /* WSAllViewController.m */; };
		64347AA2218FD35B008AF92C /* WSVideoViewController.m in Sources */ = {isa = PBXBuildFile; fileRef = 64347AA1218FD35B008AF92C /* WSVideoViewController.m */; };
		64347AA5218FD371008AF92C /* WSPictureViewController.m in Sources */ = {isa = PBXBuildFile; fileRef = 64347AA4218FD371008AF92C /* WSPictureViewController.m */; };
		64347AA8218FD383008AF92C /* WSVoiceViewController.m in Sources */ = {isa = PBXBuildFile; fileRef = 64347AA7218FD383008AF92C /* WSVoiceViewController.m */; };
		64347AAB218FD39A008AF92C /* WSWordViewController.m in Sources */ = {isa = PBXBuildFile; fileRef = 64347AAA218FD39A008AF92C /* WSWordViewController.m */; };
		64347AAE2191388B008AF92C /* WSTopicCell.m in Sources */ = {isa = PBXBuildFile; fileRef = 64347AAD2191388B008AF92C /* WSTopicCell.m */; };
		64347AB221915EA5008AF92C /* WSTopicItem.m in Sources */ = {isa = PBXBuildFile; fileRef = 64347AB121915EA5008AF92C /* WSTopicItem.m */; };
		64347AB52191686B008AF92C /* WSTopicTopView.m in Sources */ = {isa = PBXBuildFile; fileRef = 64347AB42191686B008AF92C /* WSTopicTopView.m */; };
		64347ABA21928E86008AF92C /* WSMiddlePictureView.m in Sources */ = {isa = PBXBuildFile; fileRef = 64347AB921928E86008AF92C /* WSMiddlePictureView.m */; };
		64347ABC21928E9C008AF92C /* WSTopicTopView.xib in Resources */ = {isa = PBXBuildFile; fileRef = 64347ABB21928E9C008AF92C /* WSTopicTopView.xib */; };
		64347ABF21929813008AF92C /* WSTopicFrameItem.m in Sources */ = {isa = PBXBuildFile; fileRef = 64347ABE21929813008AF92C /* WSTopicFrameItem.m */; };
		64347AC12192B381008AF92C /* WSMiddlePictureView.xib in Resources */ = {isa = PBXBuildFile; fileRef = 64347AC02192B381008AF92C /* WSMiddlePictureView.xib */; };
		64347AC42192C5F4008AF92C /* WSBaseView.m in Sources */ = {isa = PBXBuildFile; fileRef = 64347AC32192C5F4008AF92C /* WSBaseView.m */; };
		64347AC72192CFD7008AF92C /* WSMiddleVideoView.m in Sources */ = {isa = PBXBuildFile; fileRef = 64347AC62192CFD7008AF92C /* WSMiddleVideoView.m */; };
		64347AC92192CFEA008AF92C /* WSMiddleVideoView.xib in Resources */ = {isa = PBXBuildFile; fileRef = 64347AC82192CFEA008AF92C /* WSMiddleVideoView.xib */; };
		64347ACC2192D76C008AF92C /* WSMiddleVoiceView.m in Sources */ = {isa = PBXBuildFile; fileRef = 64347ACB2192D76C008AF92C /* WSMiddleVoiceView.m */; };
		64347ACE2192D7A9008AF92C /* WSMiddleVoiceView.xib in Resources */ = {isa = PBXBuildFile; fileRef = 64347ACD2192D7A9008AF92C /* WSMiddleVoiceView.xib */; };
		64347AD12192DE87008AF92C /* WSBottomToolBarView.m in Sources */ = {isa = PBXBuildFile; fileRef = 64347AD02192DE87008AF92C /* WSBottomToolBarView.m */; };
		64347AD72192F097008AF92C /* WSBottomToolBarView.xib in Resources */ = {isa = PBXBuildFile; fileRef = 64347AD62192F097008AF92C /* WSBottomToolBarView.xib */; };
		64D2612E2193D4B5000510E8 /* WSSeeBigPictureViewController.m in Sources */ = {isa = PBXBuildFile; fileRef = 64D2612C2193D4B5000510E8 /* WSSeeBigPictureViewController.m */; };
		64D2612F2193D4B5000510E8 /* WSSeeBigPictureViewController.xib in Resources */ = {isa = PBXBuildFile; fileRef = 64D2612D2193D4B5000510E8 /* WSSeeBigPictureViewController.xib */; };
		64D26132219422AD000510E8 /* WSPhotoTool.m in Sources */ = {isa = PBXBuildFile; fileRef = 64D26131219422AD000510E8 /* WSPhotoTool.m */; };
		64D2613521943488000510E8 /* UIImageView+Download.m in Sources */ = {isa = PBXBuildFile; fileRef = 64D2613421943488000510E8 /* UIImageView+Download.m */; };
		64D2613B21943C07000510E8 /* UIImage+Image.m in Sources */ = {isa = PBXBuildFile; fileRef = 64D2613A21943C07000510E8 /* UIImage+Image.m */; };
		64D2613E21957A61000510E8 /* NSDate+Extension.m in Sources */ = {isa = PBXBuildFile; fileRef = 64D2613D21957A61000510E8 /* NSDate+Extension.m */; };
		84AC192D217B6B9D00A522C2 /* Assets.xcassets in Resources */ = {isa = PBXBuildFile; fileRef = 84AC192C217B6B9D00A522C2 /* Assets.xcassets */; };
		84AC1954217B7B6500A522C2 /* main.m in Sources */ = {isa = PBXBuildFile; fileRef = 84AC193F217B7B6500A522C2 /* main.m */; };
		84AC1955217B7B6500A522C2 /* AppDelegate.m in Sources */ = {isa = PBXBuildFile; fileRef = 84AC194F217B7B6500A522C2 /* AppDelegate.m */; };
		84AC195B217B803800A522C2 /* WSTabBarController.m in Sources */ = {isa = PBXBuildFile; fileRef = 84AC195A217B803800A522C2 /* WSTabBarController.m */; };
		84AC195E217B810D00A522C2 /* WSEssenceViewController.m in Sources */ = {isa = PBXBuildFile; fileRef = 84AC195D217B810D00A522C2 /* WSEssenceViewController.m */; };
		84AC1961217B812C00A522C2 /* WSNewViewController.m in Sources */ = {isa = PBXBuildFile; fileRef = 84AC1960217B812C00A522C2 /* WSNewViewController.m */; };
		84AC1964217B814400A522C2 /* WSFriendTrendViewController.m in Sources */ = {isa = PBXBuildFile; fileRef = 84AC1963217B814400A522C2 /* WSFriendTrendViewController.m */; };
		84AC1967217B815D00A522C2 /* WSMineViewController.m in Sources */ = {isa = PBXBuildFile; fileRef = 84AC1966217B815D00A522C2 /* WSMineViewController.m */; };
		84AC196A217B817600A522C2 /* WSPublishViewController.m in Sources */ = {isa = PBXBuildFile; fileRef = 84AC1969217B817600A522C2 /* WSPublishViewController.m */; };
		84AC196D217F492D00A522C2 /* WSNavigationController.m in Sources */ = {isa = PBXBuildFile; fileRef = 84AC196C217F492D00A522C2 /* WSNavigationController.m */; };
		84AC1977217F597D00A522C2 /* UIBarButtonItem+Item.m in Sources */ = {isa = PBXBuildFile; fileRef = 84AC1976217F597D00A522C2 /* UIBarButtonItem+Item.m */; };
		84AC197E217F5E5A00A522C2 /* WSSettingViewController.m in Sources */ = {isa = PBXBuildFile; fileRef = 84AC197D217F5E5A00A522C2 /* WSSettingViewController.m */; };
		84AC1981217F6AFE00A522C2 /* UIView+Extension.m in Sources */ = {isa = PBXBuildFile; fileRef = 84AC197F217F6AFD00A522C2 /* UIView+Extension.m */; };
		84AC1984217F6F4300A522C2 /* WSBackView.m in Sources */ = {isa = PBXBuildFile; fileRef = 84AC1983217F6F4300A522C2 /* WSBackView.m */; };
		84AC1987217F6F5A00A522C2 /* WSNavigationBar.m in Sources */ = {isa = PBXBuildFile; fileRef = 84AC1986217F6F5A00A522C2 /* WSNavigationBar.m */; };
		84AC198D217F7CD600A522C2 /* WSBackButton.m in Sources */ = {isa = PBXBuildFile; fileRef = 84AC198C217F7CD600A522C2 /* WSBackButton.m */; };
/* End PBXBuildFile section */

/* Begin PBXFileReference section */
		640EDC3C2189993100A217F5 /* WSSubTagViewController.h */ = {isa = PBXFileReference; lastKnownFileType = sourcecode.c.h; path = WSSubTagViewController.h; sourceTree = "<group>"; };
		640EDC3D2189993100A217F5 /* WSSubTagViewController.m */ = {isa = PBXFileReference; lastKnownFileType = sourcecode.c.objc; path = WSSubTagViewController.m; sourceTree = "<group>"; };
		640EDC4021899BAD00A217F5 /* WSConst.h */ = {isa = PBXFileReference; lastKnownFileType = sourcecode.c.h; path = WSConst.h; sourceTree = "<group>"; };
		640EDC4121899BAD00A217F5 /* WSConst.m */ = {isa = PBXFileReference; lastKnownFileType = sourcecode.c.objc; path = WSConst.m; sourceTree = "<group>"; };
		640EDC4321899DCC00A217F5 /* WSSubTagItem.h */ = {isa = PBXFileReference; lastKnownFileType = sourcecode.c.h; path = WSSubTagItem.h; sourceTree = "<group>"; };
		640EDC4421899DCC00A217F5 /* WSSubTagItem.m */ = {isa = PBXFileReference; lastKnownFileType = sourcecode.c.objc; path = WSSubTagItem.m; sourceTree = "<group>"; };
		640EDC4621899FCA00A217F5 /* WSSubTagCell.h */ = {isa = PBXFileReference; lastKnownFileType = sourcecode.c.h; path = WSSubTagCell.h; sourceTree = "<group>"; };
		640EDC4721899FCA00A217F5 /* WSSubTagCell.m */ = {isa = PBXFileReference; lastKnownFileType = sourcecode.c.objc; path = WSSubTagCell.m; sourceTree = "<group>"; };
		640EDC4821899FCA00A217F5 /* WSSubTagCell.xib */ = {isa = PBXFileReference; lastKnownFileType = file.xib; path = WSSubTagCell.xib; sourceTree = "<group>"; };
		640EDC4B2189B37400A217F5 /* WSFriendTrendNoLoginView.h */ = {isa = PBXFileReference; lastKnownFileType = sourcecode.c.h; path = WSFriendTrendNoLoginView.h; sourceTree = "<group>"; };
		640EDC4C2189B37400A217F5 /* WSFriendTrendNoLoginView.m */ = {isa = PBXFileReference; lastKnownFileType = sourcecode.c.objc; path = WSFriendTrendNoLoginView.m; sourceTree = "<group>"; };
		640EDC4E2189B38B00A217F5 /* WSFriendTrendNoLoginView.xib */ = {isa = PBXFileReference; lastKnownFileType = file.xib; path = WSFriendTrendNoLoginView.xib; sourceTree = "<group>"; };
		640EDC50218A8AC600A217F5 /* WSLoginRegisterViewController.h */ = {isa = PBXFileReference; lastKnownFileType = sourcecode.c.h; path = WSLoginRegisterViewController.h; sourceTree = "<group>"; };
		640EDC51218A8AC600A217F5 /* WSLoginRegisterViewController.m */ = {isa = PBXFileReference; lastKnownFileType = sourcecode.c.objc; path = WSLoginRegisterViewController.m; sourceTree = "<group>"; };
		640EDC55218A9B1D00A217F5 /* WSRegisterLoginView.h */ = {isa = PBXFileReference; lastKnownFileType = sourcecode.c.h; path = WSRegisterLoginView.h; sourceTree = "<group>"; };
		640EDC56218A9B1D00A217F5 /* WSRegisterLoginView.m */ = {isa = PBXFileReference; lastKnownFileType = sourcecode.c.objc; path = WSRegisterLoginView.m; sourceTree = "<group>"; };
		640EDC58218A9B2B00A217F5 /* WSRegisterLoginView.xib */ = {isa = PBXFileReference; lastKnownFileType = file.xib; path = WSRegisterLoginView.xib; sourceTree = "<group>"; };
		640EDC5A218ACF2E00A217F5 /* WSLoginTextField.h */ = {isa = PBXFileReference; lastKnownFileType = sourcecode.c.h; path = WSLoginTextField.h; sourceTree = "<group>"; };
		640EDC5B218ACF2E00A217F5 /* WSLoginTextField.m */ = {isa = PBXFileReference; lastKnownFileType = sourcecode.c.objc; path = WSLoginTextField.m; sourceTree = "<group>"; };
		640EDC5D218AD1DF00A217F5 /* UITextField+placeholder.h */ = {isa = PBXFileReference; lastKnownFileType = sourcecode.c.h; path = "UITextField+placeholder.h"; sourceTree = "<group>"; };
		640EDC5E218AD1DF00A217F5 /* UITextField+placeholder.m */ = {isa = PBXFileReference; lastKnownFileType = sourcecode.c.objc; path = "UITextField+placeholder.m"; sourceTree = "<group>"; };
		640EDC60218AE22D00A217F5 /* mine.storyboard */ = {isa = PBXFileReference; lastKnownFileType = file.storyboard; path = mine.storyboard; sourceTree = "<group>"; };
		640EDC62218AEB6600A217F5 /* WSSquareCell.h */ = {isa = PBXFileReference; lastKnownFileType = sourcecode.c.h; path = WSSquareCell.h; sourceTree = "<group>"; };
		640EDC63218AEB6600A217F5 /* WSSquareCell.m */ = {isa = PBXFileReference; lastKnownFileType = sourcecode.c.objc; path = WSSquareCell.m; sourceTree = "<group>"; };
		640EDC64218AEB6600A217F5 /* WSSquareCell.xib */ = {isa = PBXFileReference; lastKnownFileType = file.xib; path = WSSquareCell.xib; sourceTree = "<group>"; };
		640EDC67218AEDA000A217F5 /* WSSquareItem.h */ = {isa = PBXFileReference; lastKnownFileType = sourcecode.c.h; path = WSSquareItem.h; sourceTree = "<group>"; };
		640EDC68218AEDA000A217F5 /* WSSquareItem.m */ = {isa = PBXFileReference; lastKnownFileType = sourcecode.c.objc; path = WSSquareItem.m; sourceTree = "<group>"; };
		641A9E1221893790009E0ECE /* WSADViewController.h */ = {isa = PBXFileReference; lastKnownFileType = sourcecode.c.h; path = WSADViewController.h; sourceTree = "<group>"; };
		641A9E1321893790009E0ECE /* WSADViewController.m */ = {isa = PBXFileReference; lastKnownFileType = sourcecode.c.objc; path = WSADViewController.m; sourceTree = "<group>"; };
		641A9E1421893790009E0ECE /* WSADViewController.xib */ = {isa = PBXFileReference; lastKnownFileType = file.xib; path = WSADViewController.xib; sourceTree = "<group>"; };
		641A9E1921895D09009E0ECE /* LaunchImage@2x.png */ = {isa = PBXFileReference; lastKnownFileType = image.png; path = "LaunchImage@2x.png"; sourceTree = "<group>"; };
		641A9E1A21895D09009E0ECE /* LaunchImage-568h@2x.png */ = {isa = PBXFileReference; lastKnownFileType = image.png; path = "LaunchImage-568h@2x.png"; sourceTree = "<group>"; };
		641A9E1B21895D09009E0ECE /* LaunchImage-800-667h@2x.png */ = {isa = PBXFileReference; lastKnownFileType = image.png; path = "LaunchImage-800-667h@2x.png"; sourceTree = "<group>"; };
		641A9E1C21895D09009E0ECE /* LaunchImage-800-Portrait-736h@3x.png */ = {isa = PBXFileReference; lastKnownFileType = image.png; path = "LaunchImage-800-Portrait-736h@3x.png"; sourceTree = "<group>"; };
		641A9E1D21895D09009E0ECE /* LaunchImage-700@2x.png */ = {isa = PBXFileReference; lastKnownFileType = image.png; path = "LaunchImage-700@2x.png"; sourceTree = "<group>"; };
		641A9E1E21895D09009E0ECE /* LaunchImage-700-568h@2x.png */ = {isa = PBXFileReference; lastKnownFileType = image.png; path = "LaunchImage-700-568h@2x.png"; sourceTree = "<group>"; };
		641A9E1F21895D09009E0ECE /* LaunchImage.png */ = {isa = PBXFileReference; lastKnownFileType = image.png; path = LaunchImage.png; sourceTree = "<group>"; };
		641A9E2E218977E5009E0ECE /* AFHTTPSessionManager+manager.h */ = {isa = PBXFileReference; fileEncoding = 4; lastKnownFileType = sourcecode.c.h; path = "AFHTTPSessionManager+manager.h"; sourceTree = "<group>"; };
		641A9E2F218977E5009E0ECE /* AFHTTPSessionManager+manager.m */ = {isa = PBXFileReference; fileEncoding = 4; lastKnownFileType = sourcecode.c.objc; path = "AFHTTPSessionManager+manager.m"; sourceTree = "<group>"; };
		641A9E3121897EEE009E0ECE /* WSADItem.h */ = {isa = PBXFileReference; lastKnownFileType = sourcecode.c.h; name = WSADItem.h; path = "BuDeJie2/Classes/AD(广告)/Model/WSADItem.h"; sourceTree = SOURCE_ROOT; };
		641A9E3221897EEE009E0ECE /* WSADItem.m */ = {isa = PBXFileReference; lastKnownFileType = sourcecode.c.objc; name = WSADItem.m; path = "BuDeJie2/Classes/AD(广告)/Model/WSADItem.m"; sourceTree = SOURCE_ROOT; };
		64223C4B218BDAEA008F64D9 /* WSLoginRegisterViewController.storyboard */ = {isa = PBXFileReference; lastKnownFileType = file.storyboard; path = WSLoginRegisterViewController.storyboard; sourceTree = "<group>"; };
		64223C4D218BDF13008F64D9 /* WSFastLoginViewController.h */ = {isa = PBXFileReference; lastKnownFileType = sourcecode.c.h; path = WSFastLoginViewController.h; sourceTree = "<group>"; };
		64223C4E218BDF13008F64D9 /* WSFastLoginViewController.m */ = {isa = PBXFileReference; lastKnownFileType = sourcecode.c.objc; path = WSFastLoginViewController.m; sourceTree = "<group>"; };
		64223C50218BF51A008F64D9 /* WSFastButton.h */ = {isa = PBXFileReference; lastKnownFileType = sourcecode.c.h; path = WSFastButton.h; sourceTree = "<group>"; };
		64223C51218BF51A008F64D9 /* WSFastButton.m */ = {isa = PBXFileReference; lastKnownFileType = sourcecode.c.objc; path = WSFastButton.m; sourceTree = "<group>"; };
		64223C54218C38FB008F64D9 /* WSFileTool.h */ = {isa = PBXFileReference; lastKnownFileType = sourcecode.c.h; path = WSFileTool.h; sourceTree = "<group>"; };
		64223C55218C38FB008F64D9 /* WSFileTool.m */ = {isa = PBXFileReference; lastKnownFileType = sourcecode.c.objc; path = WSFileTool.m; sourceTree = "<group>"; };
		64347A9D218FD33D008AF92C /* WSAllViewController.h */ = {isa = PBXFileReference; lastKnownFileType = sourcecode.c.h; path = WSAllViewController.h; sourceTree = "<group>"; };
		64347A9E218FD33D008AF92C /* WSAllViewController.m */ = {isa = PBXFileReference; lastKnownFileType = sourcecode.c.objc; path = WSAllViewController.m; sourceTree = "<group>"; };
		64347AA0218FD35B008AF92C /* WSVideoViewController.h */ = {isa = PBXFileReference; lastKnownFileType = sourcecode.c.h; path = WSVideoViewController.h; sourceTree = "<group>"; };
		64347AA1218FD35B008AF92C /* WSVideoViewController.m */ = {isa = PBXFileReference; lastKnownFileType = sourcecode.c.objc; path = WSVideoViewController.m; sourceTree = "<group>"; };
		64347AA3218FD371008AF92C /* WSPictureViewController.h */ = {isa = PBXFileReference; lastKnownFileType = sourcecode.c.h; path = WSPictureViewController.h; sourceTree = "<group>"; };
		64347AA4218FD371008AF92C /* WSPictureViewController.m */ = {isa = PBXFileReference; lastKnownFileType = sourcecode.c.objc; path = WSPictureViewController.m; sourceTree = "<group>"; };
		64347AA6218FD383008AF92C /* WSVoiceViewController.h */ = {isa = PBXFileReference; lastKnownFileType = sourcecode.c.h; path = WSVoiceViewController.h; sourceTree = "<group>"; };
		64347AA7218FD383008AF92C /* WSVoiceViewController.m */ = {isa = PBXFileReference; lastKnownFileType = sourcecode.c.objc; path = WSVoiceViewController.m; sourceTree = "<group>"; };
		64347AA9218FD39A008AF92C /* WSWordViewController.h */ = {isa = PBXFileReference; lastKnownFileType = sourcecode.c.h; path = WSWordViewController.h; sourceTree = "<group>"; };
		64347AAA218FD39A008AF92C /* WSWordViewController.m */ = {isa = PBXFileReference; lastKnownFileType = sourcecode.c.objc; path = WSWordViewController.m; sourceTree = "<group>"; };
		64347AAC2191388B008AF92C /* WSTopicCell.h */ = {isa = PBXFileReference; lastKnownFileType = sourcecode.c.h; path = WSTopicCell.h; sourceTree = "<group>"; };
		64347AAD2191388B008AF92C /* WSTopicCell.m */ = {isa = PBXFileReference; lastKnownFileType = sourcecode.c.objc; path = WSTopicCell.m; sourceTree = "<group>"; };
		64347AB021915EA5008AF92C /* WSTopicItem.h */ = {isa = PBXFileReference; lastKnownFileType = sourcecode.c.h; path = WSTopicItem.h; sourceTree = "<group>"; };
		64347AB121915EA5008AF92C /* WSTopicItem.m */ = {isa = PBXFileReference; lastKnownFileType = sourcecode.c.objc; path = WSTopicItem.m; sourceTree = "<group>"; };
		64347AB32191686B008AF92C /* WSTopicTopView.h */ = {isa = PBXFileReference; lastKnownFileType = sourcecode.c.h; path = WSTopicTopView.h; sourceTree = "<group>"; };
		64347AB42191686B008AF92C /* WSTopicTopView.m */ = {isa = PBXFileReference; lastKnownFileType = sourcecode.c.objc; path = WSTopicTopView.m; sourceTree = "<group>"; };
		64347AB821928E86008AF92C /* WSMiddlePictureView.h */ = {isa = PBXFileReference; lastKnownFileType = sourcecode.c.h; path = WSMiddlePictureView.h; sourceTree = "<group>"; };
		64347AB921928E86008AF92C /* WSMiddlePictureView.m */ = {isa = PBXFileReference; lastKnownFileType = sourcecode.c.objc; path = WSMiddlePictureView.m; sourceTree = "<group>"; };
		64347ABB21928E9C008AF92C /* WSTopicTopView.xib */ = {isa = PBXFileReference; fileEncoding = 4; lastKnownFileType = file.xib; path = WSTopicTopView.xib; sourceTree = "<group>"; };
		64347ABD21929813008AF92C /* WSTopicFrameItem.h */ = {isa = PBXFileReference; lastKnownFileType = sourcecode.c.h; path = WSTopicFrameItem.h; sourceTree = "<group>"; };
		64347ABE21929813008AF92C /* WSTopicFrameItem.m */ = {isa = PBXFileReference; lastKnownFileType = sourcecode.c.objc; path = WSTopicFrameItem.m; sourceTree = "<group>"; };
		64347AC02192B381008AF92C /* WSMiddlePictureView.xib */ = {isa = PBXFileReference; lastKnownFileType = file.xib; path = WSMiddlePictureView.xib; sourceTree = "<group>"; };
		64347AC22192C5F4008AF92C /* WSBaseView.h */ = {isa = PBXFileReference; lastKnownFileType = sourcecode.c.h; path = WSBaseView.h; sourceTree = "<group>"; };
		64347AC32192C5F4008AF92C /* WSBaseView.m */ = {isa = PBXFileReference; lastKnownFileType = sourcecode.c.objc; path = WSBaseView.m; sourceTree = "<group>"; };
		64347AC52192CFD7008AF92C /* WSMiddleVideoView.h */ = {isa = PBXFileReference; lastKnownFileType = sourcecode.c.h; path = WSMiddleVideoView.h; sourceTree = "<group>"; };
		64347AC62192CFD7008AF92C /* WSMiddleVideoView.m */ = {isa = PBXFileReference; lastKnownFileType = sourcecode.c.objc; path = WSMiddleVideoView.m; sourceTree = "<group>"; };
		64347AC82192CFEA008AF92C /* WSMiddleVideoView.xib */ = {isa = PBXFileReference; lastKnownFileType = file.xib; path = WSMiddleVideoView.xib; sourceTree = "<group>"; };
		64347ACA2192D76C008AF92C /* WSMiddleVoiceView.h */ = {isa = PBXFileReference; lastKnownFileType = sourcecode.c.h; path = WSMiddleVoiceView.h; sourceTree = "<group>"; };
		64347ACB2192D76C008AF92C /* WSMiddleVoiceView.m */ = {isa = PBXFileReference; lastKnownFileType = sourcecode.c.objc; path = WSMiddleVoiceView.m; sourceTree = "<group>"; };
		64347ACD2192D7A9008AF92C /* WSMiddleVoiceView.xib */ = {isa = PBXFileReference; lastKnownFileType = file.xib; path = WSMiddleVoiceView.xib; sourceTree = "<group>"; };
		64347ACF2192DE86008AF92C /* WSBottomToolBarView.h */ = {isa = PBXFileReference; lastKnownFileType = sourcecode.c.h; path = WSBottomToolBarView.h; sourceTree = "<group>"; };
		64347AD02192DE87008AF92C /* WSBottomToolBarView.m */ = {isa = PBXFileReference; lastKnownFileType = sourcecode.c.objc; path = WSBottomToolBarView.m; sourceTree = "<group>"; };
		64347AD62192F097008AF92C /* WSBottomToolBarView.xib */ = {isa = PBXFileReference; lastKnownFileType = file.xib; path = WSBottomToolBarView.xib; sourceTree = "<group>"; };
		64D2612B2193D4B5000510E8 /* WSSeeBigPictureViewController.h */ = {isa = PBXFileReference; lastKnownFileType = sourcecode.c.h; path = WSSeeBigPictureViewController.h; sourceTree = "<group>"; };
		64D2612C2193D4B5000510E8 /* WSSeeBigPictureViewController.m */ = {isa = PBXFileReference; lastKnownFileType = sourcecode.c.objc; path = WSSeeBigPictureViewController.m; sourceTree = "<group>"; };
		64D2612D2193D4B5000510E8 /* WSSeeBigPictureViewController.xib */ = {isa = PBXFileReference; lastKnownFileType = file.xib; path = WSSeeBigPictureViewController.xib; sourceTree = "<group>"; };
		64D26130219422AD000510E8 /* WSPhotoTool.h */ = {isa = PBXFileReference; lastKnownFileType = sourcecode.c.h; path = WSPhotoTool.h; sourceTree = "<group>"; };
		64D26131219422AD000510E8 /* WSPhotoTool.m */ = {isa = PBXFileReference; lastKnownFileType = sourcecode.c.objc; path = WSPhotoTool.m; sourceTree = "<group>"; };
		64D2613321943488000510E8 /* UIImageView+Download.h */ = {isa = PBXFileReference; lastKnownFileType = sourcecode.c.h; path = "UIImageView+Download.h"; sourceTree = "<group>"; };
		64D2613421943488000510E8 /* UIImageView+Download.m */ = {isa = PBXFileReference; lastKnownFileType = sourcecode.c.objc; path = "UIImageView+Download.m"; sourceTree = "<group>"; };
		64D2613921943C07000510E8 /* UIImage+Image.h */ = {isa = PBXFileReference; lastKnownFileType = sourcecode.c.h; path = "UIImage+Image.h"; sourceTree = "<group>"; };
		64D2613A21943C07000510E8 /* UIImage+Image.m */ = {isa = PBXFileReference; lastKnownFileType = sourcecode.c.objc; path = "UIImage+Image.m"; sourceTree = "<group>"; };
		64D2613C21957A61000510E8 /* NSDate+Extension.h */ = {isa = PBXFileReference; lastKnownFileType = sourcecode.c.h; path = "NSDate+Extension.h"; sourceTree = "<group>"; };
		64D2613D21957A61000510E8 /* NSDate+Extension.m */ = {isa = PBXFileReference; lastKnownFileType = sourcecode.c.objc; path = "NSDate+Extension.m"; sourceTree = "<group>"; };
		822F2343421196749232F885 /* libPods-BuDeJie2.a */ = {isa = PBXFileReference; explicitFileType = archive.ar; includeInIndex = 0; path = "libPods-BuDeJie2.a"; sourceTree = BUILT_PRODUCTS_DIR; };
		84AC1920217B6B9C00A522C2 /* BuDeJie2.app */ = {isa = PBXFileReference; explicitFileType = wrapper.application; includeInIndex = 0; path = BuDeJie2.app; sourceTree = BUILT_PRODUCTS_DIR; };
		84AC192C217B6B9D00A522C2 /* Assets.xcassets */ = {isa = PBXFileReference; lastKnownFileType = folder.assetcatalog; path = Assets.xcassets; sourceTree = "<group>"; };
		84AC1931217B6B9D00A522C2 /* Info.plist */ = {isa = PBXFileReference; lastKnownFileType = text.plist.xml; path = Info.plist; sourceTree = "<group>"; };
		84AC193F217B7B6500A522C2 /* main.m */ = {isa = PBXFileReference; fileEncoding = 4; lastKnownFileType = sourcecode.c.objc; path = main.m; sourceTree = "<group>"; };
		84AC194E217B7B6500A522C2 /* AppDelegate.h */ = {isa = PBXFileReference; fileEncoding = 4; lastKnownFileType = sourcecode.c.h; path = AppDelegate.h; sourceTree = "<group>"; };
		84AC194F217B7B6500A522C2 /* AppDelegate.m */ = {isa = PBXFileReference; fileEncoding = 4; lastKnownFileType = sourcecode.c.objc; path = AppDelegate.m; sourceTree = "<group>"; };
		84AC1959217B803800A522C2 /* WSTabBarController.h */ = {isa = PBXFileReference; lastKnownFileType = sourcecode.c.h; path = WSTabBarController.h; sourceTree = "<group>"; };
		84AC195A217B803800A522C2 /* WSTabBarController.m */ = {isa = PBXFileReference; lastKnownFileType = sourcecode.c.objc; path = WSTabBarController.m; sourceTree = "<group>"; };
		84AC195C217B810D00A522C2 /* WSEssenceViewController.h */ = {isa = PBXFileReference; lastKnownFileType = sourcecode.c.h; path = WSEssenceViewController.h; sourceTree = "<group>"; };
		84AC195D217B810D00A522C2 /* WSEssenceViewController.m */ = {isa = PBXFileReference; lastKnownFileType = sourcecode.c.objc; path = WSEssenceViewController.m; sourceTree = "<group>"; };
		84AC195F217B812C00A522C2 /* WSNewViewController.h */ = {isa = PBXFileReference; lastKnownFileType = sourcecode.c.h; path = WSNewViewController.h; sourceTree = "<group>"; };
		84AC1960217B812C00A522C2 /* WSNewViewController.m */ = {isa = PBXFileReference; lastKnownFileType = sourcecode.c.objc; path = WSNewViewController.m; sourceTree = "<group>"; };
		84AC1962217B814400A522C2 /* WSFriendTrendViewController.h */ = {isa = PBXFileReference; lastKnownFileType = sourcecode.c.h; path = WSFriendTrendViewController.h; sourceTree = "<group>"; };
		84AC1963217B814400A522C2 /* WSFriendTrendViewController.m */ = {isa = PBXFileReference; lastKnownFileType = sourcecode.c.objc; path = WSFriendTrendViewController.m; sourceTree = "<group>"; };
		84AC1965217B815D00A522C2 /* WSMineViewController.h */ = {isa = PBXFileReference; lastKnownFileType = sourcecode.c.h; path = WSMineViewController.h; sourceTree = "<group>"; };
		84AC1966217B815D00A522C2 /* WSMineViewController.m */ = {isa = PBXFileReference; lastKnownFileType = sourcecode.c.objc; path = WSMineViewController.m; sourceTree = "<group>"; };
		84AC1968217B817600A522C2 /* WSPublishViewController.h */ = {isa = PBXFileReference; lastKnownFileType = sourcecode.c.h; path = WSPublishViewController.h; sourceTree = "<group>"; };
		84AC1969217B817600A522C2 /* WSPublishViewController.m */ = {isa = PBXFileReference; lastKnownFileType = sourcecode.c.objc; path = WSPublishViewController.m; sourceTree = "<group>"; };
		84AC196B217F492D00A522C2 /* WSNavigationController.h */ = {isa = PBXFileReference; lastKnownFileType = sourcecode.c.h; path = WSNavigationController.h; sourceTree = "<group>"; };
		84AC196C217F492D00A522C2 /* WSNavigationController.m */ = {isa = PBXFileReference; lastKnownFileType = sourcecode.c.objc; path = WSNavigationController.m; sourceTree = "<group>"; };
		84AC196E217F57F900A522C2 /* BuDeJie.pch */ = {isa = PBXFileReference; lastKnownFileType = sourcecode.c.h; path = BuDeJie.pch; sourceTree = "<group>"; };
		84AC1975217F597D00A522C2 /* UIBarButtonItem+Item.h */ = {isa = PBXFileReference; lastKnownFileType = sourcecode.c.h; path = "UIBarButtonItem+Item.h"; sourceTree = "<group>"; };
		84AC1976217F597D00A522C2 /* UIBarButtonItem+Item.m */ = {isa = PBXFileReference; lastKnownFileType = sourcecode.c.objc; path = "UIBarButtonItem+Item.m"; sourceTree = "<group>"; };
		84AC197C217F5E5A00A522C2 /* WSSettingViewController.h */ = {isa = PBXFileReference; lastKnownFileType = sourcecode.c.h; path = WSSettingViewController.h; sourceTree = "<group>"; };
		84AC197D217F5E5A00A522C2 /* WSSettingViewController.m */ = {isa = PBXFileReference; lastKnownFileType = sourcecode.c.objc; path = WSSettingViewController.m; sourceTree = "<group>"; };
		84AC197F217F6AFD00A522C2 /* UIView+Extension.m */ = {isa = PBXFileReference; fileEncoding = 4; lastKnownFileType = sourcecode.c.objc; path = "UIView+Extension.m"; sourceTree = "<group>"; };
		84AC1980217F6AFD00A522C2 /* UIView+Extension.h */ = {isa = PBXFileReference; fileEncoding = 4; lastKnownFileType = sourcecode.c.h; path = "UIView+Extension.h"; sourceTree = "<group>"; };
		84AC1982217F6F4300A522C2 /* WSBackView.h */ = {isa = PBXFileReference; lastKnownFileType = sourcecode.c.h; path = WSBackView.h; sourceTree = "<group>"; };
		84AC1983217F6F4300A522C2 /* WSBackView.m */ = {isa = PBXFileReference; lastKnownFileType = sourcecode.c.objc; path = WSBackView.m; sourceTree = "<group>"; };
		84AC1985217F6F5A00A522C2 /* WSNavigationBar.h */ = {isa = PBXFileReference; lastKnownFileType = sourcecode.c.h; path = WSNavigationBar.h; sourceTree = "<group>"; };
		84AC1986217F6F5A00A522C2 /* WSNavigationBar.m */ = {isa = PBXFileReference; lastKnownFileType = sourcecode.c.objc; path = WSNavigationBar.m; sourceTree = "<group>"; };
		84AC198B217F7CD600A522C2 /* WSBackButton.h */ = {isa = PBXFileReference; fileEncoding = 4; lastKnownFileType = sourcecode.c.h; path = WSBackButton.h; sourceTree = "<group>"; };
		84AC198C217F7CD600A522C2 /* WSBackButton.m */ = {isa = PBXFileReference; fileEncoding = 4; lastKnownFileType = sourcecode.c.objc; path = WSBackButton.m; sourceTree = "<group>"; };
		8788588B135E51C56BDF5FA8 /* Pods-BuDeJie2.debug.xcconfig */ = {isa = PBXFileReference; includeInIndex = 1; lastKnownFileType = text.xcconfig; name = "Pods-BuDeJie2.debug.xcconfig"; path = "Pods/Target Support Files/Pods-BuDeJie2/Pods-BuDeJie2.debug.xcconfig"; sourceTree = "<group>"; };
		94C647CA0FFCB10FF6BF3AD7 /* Pods-BuDeJie2.release.xcconfig */ = {isa = PBXFileReference; includeInIndex = 1; lastKnownFileType = text.xcconfig; name = "Pods-BuDeJie2.release.xcconfig"; path = "Pods/Target Support Files/Pods-BuDeJie2/Pods-BuDeJie2.release.xcconfig"; sourceTree = "<group>"; };
/* End PBXFileReference section */

/* Begin PBXFrameworksBuildPhase section */
		84AC191D217B6B9C00A522C2 /* Frameworks */ = {
			isa = PBXFrameworksBuildPhase;
			buildActionMask = 2147483647;
			files = (
				0C5E18DD8BF62B108B175049 /* libPods-BuDeJie2.a in Frameworks */,
			);
			runOnlyForDeploymentPostprocessing = 0;
		};
/* End PBXFrameworksBuildPhase section */

/* Begin PBXGroup section */
		640EDC3F21899B8E00A217F5 /* Const */ = {
			isa = PBXGroup;
			children = (
				640EDC4021899BAD00A217F5 /* WSConst.h */,
				640EDC4121899BAD00A217F5 /* WSConst.m */,
			);
			path = Const;
			sourceTree = "<group>";
		};
		641A9E0E21893738009E0ECE /* AD(广告) */ = {
			isa = PBXGroup;
			children = (
				641A9E1121893760009E0ECE /* Controller */,
				641A9E0F2189375F009E0ECE /* Model */,
				641A9E1021893760009E0ECE /* View */,
			);
			path = "AD(广告)";
			sourceTree = "<group>";
		};
		641A9E0F2189375F009E0ECE /* Model */ = {
			isa = PBXGroup;
			children = (
				641A9E3121897EEE009E0ECE /* WSADItem.h */,
				641A9E3221897EEE009E0ECE /* WSADItem.m */,
			);
			path = Model;
			sourceTree = "<group>";
		};
		641A9E1021893760009E0ECE /* View */ = {
			isa = PBXGroup;
			children = (
			);
			path = View;
			sourceTree = "<group>";
		};
		641A9E1121893760009E0ECE /* Controller */ = {
			isa = PBXGroup;
			children = (
				641A9E1221893790009E0ECE /* WSADViewController.h */,
				641A9E1321893790009E0ECE /* WSADViewController.m */,
				641A9E1421893790009E0ECE /* WSADViewController.xib */,
			);
			path = Controller;
			sourceTree = "<group>";
		};
		641A9E1721895CD4009E0ECE /* Resources */ = {
			isa = PBXGroup;
			children = (
				641A9E1821895D09009E0ECE /* 启动图片 */,
			);
			path = Resources;
			sourceTree = "<group>";
		};
		641A9E1821895D09009E0ECE /* 启动图片 */ = {
			isa = PBXGroup;
			children = (
				641A9E1921895D09009E0ECE /* LaunchImage@2x.png */,
				641A9E1A21895D09009E0ECE /* LaunchImage-568h@2x.png */,
				641A9E1B21895D09009E0ECE /* LaunchImage-800-667h@2x.png */,
				641A9E1C21895D09009E0ECE /* LaunchImage-800-Portrait-736h@3x.png */,
				641A9E1D21895D09009E0ECE /* LaunchImage-700@2x.png */,
				641A9E1E21895D09009E0ECE /* LaunchImage-700-568h@2x.png */,
				641A9E1F21895D09009E0ECE /* LaunchImage.png */,
			);
			path = "启动图片";
			sourceTree = "<group>";
		};
		64223C53218C38B7008F64D9 /* Tools */ = {
			isa = PBXGroup;
			children = (
				64223C54218C38FB008F64D9 /* WSFileTool.h */,
				64223C55218C38FB008F64D9 /* WSFileTool.m */,
				64D26130219422AD000510E8 /* WSPhotoTool.h */,
				64D26131219422AD000510E8 /* WSPhotoTool.m */,
			);
			path = Tools;
			sourceTree = "<group>";
		};
		64347A9C218FD306008AF92C /* ChildVC */ = {
			isa = PBXGroup;
			children = (
				64347A9D218FD33D008AF92C /* WSAllViewController.h */,
				64347A9E218FD33D008AF92C /* WSAllViewController.m */,
				64347AA0218FD35B008AF92C /* WSVideoViewController.h */,
				64347AA1218FD35B008AF92C /* WSVideoViewController.m */,
				64347AA3218FD371008AF92C /* WSPictureViewController.h */,
				64347AA4218FD371008AF92C /* WSPictureViewController.m */,
				64347AA6218FD383008AF92C /* WSVoiceViewController.h */,
				64347AA7218FD383008AF92C /* WSVoiceViewController.m */,
				64347AA9218FD39A008AF92C /* WSWordViewController.h */,
				64347AAA218FD39A008AF92C /* WSWordViewController.m */,
			);
			path = ChildVC;
			sourceTree = "<group>";
		};
		64347AAF21913897008AF92C /* topicCellChildView */ = {
			isa = PBXGroup;
			children = (
				64347AC22192C5F4008AF92C /* WSBaseView.h */,
				64347AC32192C5F4008AF92C /* WSBaseView.m */,
				64347AB32191686B008AF92C /* WSTopicTopView.h */,
				64347AB42191686B008AF92C /* WSTopicTopView.m */,
				64347ABB21928E9C008AF92C /* WSTopicTopView.xib */,
				64347AB821928E86008AF92C /* WSMiddlePictureView.h */,
				64347AB921928E86008AF92C /* WSMiddlePictureView.m */,
				64347AC02192B381008AF92C /* WSMiddlePictureView.xib */,
				64347AC52192CFD7008AF92C /* WSMiddleVideoView.h */,
				64347AC62192CFD7008AF92C /* WSMiddleVideoView.m */,
				64347AC82192CFEA008AF92C /* WSMiddleVideoView.xib */,
				64347ACA2192D76C008AF92C /* WSMiddleVoiceView.h */,
				64347ACB2192D76C008AF92C /* WSMiddleVoiceView.m */,
				64347ACD2192D7A9008AF92C /* WSMiddleVoiceView.xib */,
				64347ACF2192DE86008AF92C /* WSBottomToolBarView.h */,
				64347AD02192DE87008AF92C /* WSBottomToolBarView.m */,
				64347AD62192F097008AF92C /* WSBottomToolBarView.xib */,
			);
			path = topicCellChildView;
			sourceTree = "<group>";
		};
		6EC675AAC5264D48604B176D /* Pods */ = {
			isa = PBXGroup;
			children = (
				8788588B135E51C56BDF5FA8 /* Pods-BuDeJie2.debug.xcconfig */,
				94C647CA0FFCB10FF6BF3AD7 /* Pods-BuDeJie2.release.xcconfig */,
			);
			name = Pods;
			sourceTree = "<group>";
		};
		84AC1917217B6B9C00A522C2 = {
			isa = PBXGroup;
			children = (
				84AC1922217B6B9C00A522C2 /* BuDeJie2 */,
				84AC1921217B6B9C00A522C2 /* Products */,
				6EC675AAC5264D48604B176D /* Pods */,
				C0983E842ABFE3B407FC019A /* Frameworks */,
			);
			sourceTree = "<group>";
		};
		84AC1921217B6B9C00A522C2 /* Products */ = {
			isa = PBXGroup;
			children = (
				84AC1920217B6B9C00A522C2 /* BuDeJie2.app */,
			);
			name = Products;
			sourceTree = "<group>";
		};
		84AC1922217B6B9C00A522C2 /* BuDeJie2 */ = {
			isa = PBXGroup;
			children = (
				84AC1939217B7B6500A522C2 /* Classes */,
				641A9E1721895CD4009E0ECE /* Resources */,
				84AC192C217B6B9D00A522C2 /* Assets.xcassets */,
				84AC1931217B6B9D00A522C2 /* Info.plist */,
			);
			path = BuDeJie2;
			sourceTree = "<group>";
		};
		84AC1939217B7B6500A522C2 /* Classes */ = {
			isa = PBXGroup;
			children = (
				84AC194D217B7B6500A522C2 /* AppDelegate */,
				641A9E0E21893738009E0ECE /* AD(广告) */,
				84AC1948217B7B6500A522C2 /* Main(主要) */,
				84AC193A217B7B6500A522C2 /* Essence(精华) */,
				84AC1940217B7B6500A522C2 /* New(新帖) */,
				84AC1944217B7B6500A522C2 /* FriendTrend(关注) */,
				84AC1949217B7B6500A522C2 /* Mine(我) */,
				84AC1978217F5E1200A522C2 /* Setting(设置) */,
				84AC1950217B7B6500A522C2 /* Publish(发布) */,
				84AC193E217B7B6500A522C2 /* Other */,
				84AC1973217F592A00A522C2 /* Public */,
			);
			path = Classes;
			sourceTree = "<group>";
		};
		84AC193A217B7B6500A522C2 /* Essence(精华) */ = {
			isa = PBXGroup;
			children = (
				84AC193B217B7B6500A522C2 /* Controller */,
				84AC193C217B7B6500A522C2 /* Model */,
				84AC193D217B7B6500A522C2 /* View */,
			);
			path = "Essence(精华)";
			sourceTree = "<group>";
		};
		84AC193B217B7B6500A522C2 /* Controller */ = {
			isa = PBXGroup;
			children = (
				84AC195C217B810D00A522C2 /* WSEssenceViewController.h */,
				84AC195D217B810D00A522C2 /* WSEssenceViewController.m */,
				64D2612B2193D4B5000510E8 /* WSSeeBigPictureViewController.h */,
				64D2612C2193D4B5000510E8 /* WSSeeBigPictureViewController.m */,
				64D2612D2193D4B5000510E8 /* WSSeeBigPictureViewController.xib */,
				64347A9C218FD306008AF92C /* ChildVC */,
			);
			path = Controller;
			sourceTree = "<group>";
		};
		84AC193C217B7B6500A522C2 /* Model */ = {
			isa = PBXGroup;
			children = (
				64347AB021915EA5008AF92C /* WSTopicItem.h */,
				64347AB121915EA5008AF92C /* WSTopicItem.m */,
				64347ABD21929813008AF92C /* WSTopicFrameItem.h */,
				64347ABE21929813008AF92C /* WSTopicFrameItem.m */,
			);
			path = Model;
			sourceTree = "<group>";
		};
		84AC193D217B7B6500A522C2 /* View */ = {
			isa = PBXGroup;
			children = (
				64347AAC2191388B008AF92C /* WSTopicCell.h */,
				64347AAD2191388B008AF92C /* WSTopicCell.m */,
				64347AAF21913897008AF92C /* topicCellChildView */,
			);
			path = View;
			sourceTree = "<group>";
		};
		84AC193E217B7B6500A522C2 /* Other */ = {
			isa = PBXGroup;
			children = (
				84AC193F217B7B6500A522C2 /* main.m */,
				84AC196E217F57F900A522C2 /* BuDeJie.pch */,
			);
			path = Other;
			sourceTree = "<group>";
		};
		84AC1940217B7B6500A522C2 /* New(新帖) */ = {
			isa = PBXGroup;
			children = (
				84AC1941217B7B6500A522C2 /* Controller */,
				84AC1942217B7B6500A522C2 /* Model */,
				84AC1943217B7B6500A522C2 /* View */,
			);
			path = "New(新帖)";
			sourceTree = "<group>";
		};
		84AC1941217B7B6500A522C2 /* Controller */ = {
			isa = PBXGroup;
			children = (
				84AC195F217B812C00A522C2 /* WSNewViewController.h */,
				84AC1960217B812C00A522C2 /* WSNewViewController.m */,
				640EDC3C2189993100A217F5 /* WSSubTagViewController.h */,
				640EDC3D2189993100A217F5 /* WSSubTagViewController.m */,
			);
			path = Controller;
			sourceTree = "<group>";
		};
		84AC1942217B7B6500A522C2 /* Model */ = {
			isa = PBXGroup;
			children = (
				640EDC4321899DCC00A217F5 /* WSSubTagItem.h */,
				640EDC4421899DCC00A217F5 /* WSSubTagItem.m */,
			);
			path = Model;
			sourceTree = "<group>";
		};
		84AC1943217B7B6500A522C2 /* View */ = {
			isa = PBXGroup;
			children = (
				640EDC4621899FCA00A217F5 /* WSSubTagCell.h */,
				640EDC4721899FCA00A217F5 /* WSSubTagCell.m */,
				640EDC4821899FCA00A217F5 /* WSSubTagCell.xib */,
			);
			path = View;
			sourceTree = "<group>";
		};
		84AC1944217B7B6500A522C2 /* FriendTrend(关注) */ = {
			isa = PBXGroup;
			children = (
				84AC1945217B7B6500A522C2 /* Controller */,
				84AC1946217B7B6500A522C2 /* Model */,
				84AC1947217B7B6500A522C2 /* View */,
			);
			path = "FriendTrend(关注)";
			sourceTree = "<group>";
		};
		84AC1945217B7B6500A522C2 /* Controller */ = {
			isa = PBXGroup;
			children = (
				84AC1962217B814400A522C2 /* WSFriendTrendViewController.h */,
				84AC1963217B814400A522C2 /* WSFriendTrendViewController.m */,
				640EDC50218A8AC600A217F5 /* WSLoginRegisterViewController.h */,
				640EDC51218A8AC600A217F5 /* WSLoginRegisterViewController.m */,
				64223C4B218BDAEA008F64D9 /* WSLoginRegisterViewController.storyboard */,
				64223C4D218BDF13008F64D9 /* WSFastLoginViewController.h */,
				64223C4E218BDF13008F64D9 /* WSFastLoginViewController.m */,
			);
			path = Controller;
			sourceTree = "<group>";
		};
		84AC1946217B7B6500A522C2 /* Model */ = {
			isa = PBXGroup;
			children = (
			);
			path = Model;
			sourceTree = "<group>";
		};
		84AC1947217B7B6500A522C2 /* View */ = {
			isa = PBXGroup;
			children = (
				640EDC4B2189B37400A217F5 /* WSFriendTrendNoLoginView.h */,
				640EDC4C2189B37400A217F5 /* WSFriendTrendNoLoginView.m */,
				640EDC4E2189B38B00A217F5 /* WSFriendTrendNoLoginView.xib */,
				640EDC55218A9B1D00A217F5 /* WSRegisterLoginView.h */,
				640EDC56218A9B1D00A217F5 /* WSRegisterLoginView.m */,
				640EDC58218A9B2B00A217F5 /* WSRegisterLoginView.xib */,
				640EDC5A218ACF2E00A217F5 /* WSLoginTextField.h */,
				640EDC5B218ACF2E00A217F5 /* WSLoginTextField.m */,
				64223C50218BF51A008F64D9 /* WSFastButton.h */,
				64223C51218BF51A008F64D9 /* WSFastButton.m */,
			);
			path = View;
			sourceTree = "<group>";
		};
		84AC1948217B7B6500A522C2 /* Main(主要) */ = {
			isa = PBXGroup;
			children = (
				84AC1957217B7D3800A522C2 /* Controller */,
				84AC1958217B7D3800A522C2 /* Model */,
				84AC1956217B7D3800A522C2 /* View */,
			);
			path = "Main(主要)";
			sourceTree = "<group>";
		};
		84AC1949217B7B6500A522C2 /* Mine(我) */ = {
			isa = PBXGroup;
			children = (
				84AC194A217B7B6500A522C2 /* Controller */,
				84AC194B217B7B6500A522C2 /* Model */,
				84AC194C217B7B6500A522C2 /* View */,
			);
			path = "Mine(我)";
			sourceTree = "<group>";
		};
		84AC194A217B7B6500A522C2 /* Controller */ = {
			isa = PBXGroup;
			children = (
				84AC1965217B815D00A522C2 /* WSMineViewController.h */,
				84AC1966217B815D00A522C2 /* WSMineViewController.m */,
				640EDC60218AE22D00A217F5 /* mine.storyboard */,
			);
			path = Controller;
			sourceTree = "<group>";
		};
		84AC194B217B7B6500A522C2 /* Model */ = {
			isa = PBXGroup;
			children = (
				640EDC67218AEDA000A217F5 /* WSSquareItem.h */,
				640EDC68218AEDA000A217F5 /* WSSquareItem.m */,
			);
			path = Model;
			sourceTree = "<group>";
		};
		84AC194C217B7B6500A522C2 /* View */ = {
			isa = PBXGroup;
			children = (
				640EDC62218AEB6600A217F5 /* WSSquareCell.h */,
				640EDC63218AEB6600A217F5 /* WSSquareCell.m */,
				640EDC64218AEB6600A217F5 /* WSSquareCell.xib */,
			);
			path = View;
			sourceTree = "<group>";
		};
		84AC194D217B7B6500A522C2 /* AppDelegate */ = {
			isa = PBXGroup;
			children = (
				84AC194E217B7B6500A522C2 /* AppDelegate.h */,
				84AC194F217B7B6500A522C2 /* AppDelegate.m */,
			);
			path = AppDelegate;
			sourceTree = "<group>";
		};
		84AC1950217B7B6500A522C2 /* Publish(发布) */ = {
			isa = PBXGroup;
			children = (
				84AC1951217B7B6500A522C2 /* Controller */,
				84AC1952217B7B6500A522C2 /* Model */,
				84AC1953217B7B6500A522C2 /* View */,
			);
			path = "Publish(发布)";
			sourceTree = "<group>";
		};
		84AC1951217B7B6500A522C2 /* Controller */ = {
			isa = PBXGroup;
			children = (
				84AC1968217B817600A522C2 /* WSPublishViewController.h */,
				84AC1969217B817600A522C2 /* WSPublishViewController.m */,
			);
			path = Controller;
			sourceTree = "<group>";
		};
		84AC1952217B7B6500A522C2 /* Model */ = {
			isa = PBXGroup;
			children = (
			);
			path = Model;
			sourceTree = "<group>";
		};
		84AC1953217B7B6500A522C2 /* View */ = {
			isa = PBXGroup;
			children = (
			);
			path = View;
			sourceTree = "<group>";
		};
		84AC1956217B7D3800A522C2 /* View */ = {
			isa = PBXGroup;
			children = (
				84AC1985217F6F5A00A522C2 /* WSNavigationBar.h */,
				84AC1986217F6F5A00A522C2 /* WSNavigationBar.m */,
				84AC1982217F6F4300A522C2 /* WSBackView.h */,
				84AC1983217F6F4300A522C2 /* WSBackView.m */,
				84AC198B217F7CD600A522C2 /* WSBackButton.h */,
				84AC198C217F7CD600A522C2 /* WSBackButton.m */,
			);
			path = View;
			sourceTree = "<group>";
		};
		84AC1957217B7D3800A522C2 /* Controller */ = {
			isa = PBXGroup;
			children = (
				84AC1959217B803800A522C2 /* WSTabBarController.h */,
				84AC195A217B803800A522C2 /* WSTabBarController.m */,
				84AC196B217F492D00A522C2 /* WSNavigationController.h */,
				84AC196C217F492D00A522C2 /* WSNavigationController.m */,
			);
			path = Controller;
			sourceTree = "<group>";
		};
		84AC1958217B7D3800A522C2 /* Model */ = {
			isa = PBXGroup;
			children = (
			);
			path = Model;
			sourceTree = "<group>";
		};
		84AC1973217F592A00A522C2 /* Public */ = {
			isa = PBXGroup;
			children = (
				64223C53218C38B7008F64D9 /* Tools */,
				640EDC3F21899B8E00A217F5 /* Const */,
				84AC199021809CE800A522C2 /* Lib */,
				84AC1974217F592A00A522C2 /* category */,
			);
			path = Public;
			sourceTree = "<group>";
		};
		84AC1974217F592A00A522C2 /* category */ = {
			isa = PBXGroup;
			children = (
				641A9E2E218977E5009E0ECE /* AFHTTPSessionManager+manager.h */,
				641A9E2F218977E5009E0ECE /* AFHTTPSessionManager+manager.m */,
				84AC1980217F6AFD00A522C2 /* UIView+Extension.h */,
				84AC197F217F6AFD00A522C2 /* UIView+Extension.m */,
				84AC1975217F597D00A522C2 /* UIBarButtonItem+Item.h */,
				84AC1976217F597D00A522C2 /* UIBarButtonItem+Item.m */,
				640EDC5D218AD1DF00A217F5 /* UITextField+placeholder.h */,
				640EDC5E218AD1DF00A217F5 /* UITextField+placeholder.m */,
				64D2613921943C07000510E8 /* UIImage+Image.h */,
				64D2613A21943C07000510E8 /* UIImage+Image.m */,
				64D2613321943488000510E8 /* UIImageView+Download.h */,
				64D2613421943488000510E8 /* UIImageView+Download.m */,
				64D2613C21957A61000510E8 /* NSDate+Extension.h */,
				64D2613D21957A61000510E8 /* NSDate+Extension.m */,
			);
			path = category;
			sourceTree = "<group>";
		};
		84AC1978217F5E1200A522C2 /* Setting(设置) */ = {
			isa = PBXGroup;
			children = (
				84AC1979217F5E3C00A522C2 /* Controller */,
				84AC197B217F5E3C00A522C2 /* Model */,
				84AC197A217F5E3C00A522C2 /* View */,
			);
			path = "Setting(设置)";
			sourceTree = "<group>";
		};
		84AC1979217F5E3C00A522C2 /* Controller */ = {
			isa = PBXGroup;
			children = (
				84AC197C217F5E5A00A522C2 /* WSSettingViewController.h */,
				84AC197D217F5E5A00A522C2 /* WSSettingViewController.m */,
			);
			path = Controller;
			sourceTree = "<group>";
		};
		84AC197A217F5E3C00A522C2 /* View */ = {
			isa = PBXGroup;
			children = (
			);
			path = View;
			sourceTree = "<group>";
		};
		84AC197B217F5E3C00A522C2 /* Model */ = {
			isa = PBXGroup;
			children = (
			);
			path = Model;
			sourceTree = "<group>";
		};
		84AC199021809CE800A522C2 /* Lib */ = {
			isa = PBXGroup;
			children = (
			);
			path = Lib;
			sourceTree = "<group>";
		};
		C0983E842ABFE3B407FC019A /* Frameworks */ = {
			isa = PBXGroup;
			children = (
				822F2343421196749232F885 /* libPods-BuDeJie2.a */,
			);
			name = Frameworks;
			sourceTree = "<group>";
		};
/* End PBXGroup section */

/* Begin PBXNativeTarget section */
		84AC191F217B6B9C00A522C2 /* BuDeJie2 */ = {
			isa = PBXNativeTarget;
			buildConfigurationList = 84AC1936217B6B9D00A522C2 /* Build configuration list for PBXNativeTarget "BuDeJie2" */;
			buildPhases = (
				9A5CE80DBCE35EAA0D4EB4CC /* [CP] Check Pods Manifest.lock */,
				84AC191C217B6B9C00A522C2 /* Sources */,
				84AC191D217B6B9C00A522C2 /* Frameworks */,
				84AC191E217B6B9C00A522C2 /* Resources */,
				8704B67EE7F9E59762449658 /* [CP] Copy Pods Resources */,
			);
			buildRules = (
			);
			dependencies = (
			);
			name = BuDeJie2;
			productName = BuDeJie2;
			productReference = 84AC1920217B6B9C00A522C2 /* BuDeJie2.app */;
			productType = "com.apple.product-type.application";
		};
/* End PBXNativeTarget section */

/* Begin PBXProject section */
		84AC1918217B6B9C00A522C2 /* Project object */ = {
			isa = PBXProject;
			attributes = {
				CLASSPREFIX = WS;
				LastUpgradeCheck = 1000;
				ORGANIZATIONNAME = ws;
				TargetAttributes = {
					84AC191F217B6B9C00A522C2 = {
						CreatedOnToolsVersion = 9.2;
						ProvisioningStyle = Automatic;
					};
				};
			};
			buildConfigurationList = 84AC191B217B6B9C00A522C2 /* Build configuration list for PBXProject "BuDeJie2" */;
			compatibilityVersion = "Xcode 8.0";
			developmentRegion = en;
			hasScannedForEncodings = 0;
			knownRegions = (
				en,
				Base,
			);
			mainGroup = 84AC1917217B6B9C00A522C2;
			productRefGroup = 84AC1921217B6B9C00A522C2 /* Products */;
			projectDirPath = "";
			projectRoot = "";
			targets = (
				84AC191F217B6B9C00A522C2 /* BuDeJie2 */,
			);
		};
/* End PBXProject section */

/* Begin PBXResourcesBuildPhase section */
		84AC191E217B6B9C00A522C2 /* Resources */ = {
			isa = PBXResourcesBuildPhase;
			buildActionMask = 2147483647;
			files = (
				641A9E2221895D09009E0ECE /* LaunchImage-800-667h@2x.png in Resources */,
				64347AD72192F097008AF92C /* WSBottomToolBarView.xib in Resources */,
				64347AC92192CFEA008AF92C /* WSMiddleVideoView.xib in Resources */,
				640EDC4F2189B38B00A217F5 /* WSFriendTrendNoLoginView.xib in Resources */,
				640EDC4A21899FCB00A217F5 /* WSSubTagCell.xib in Resources */,
				64347AC12192B381008AF92C /* WSMiddlePictureView.xib in Resources */,
				640EDC61218AE22D00A217F5 /* mine.storyboard in Resources */,
				84AC192D217B6B9D00A522C2 /* Assets.xcassets in Resources */,
				641A9E2621895D09009E0ECE /* LaunchImage.png in Resources */,
				64223C4C218BDAEA008F64D9 /* WSLoginRegisterViewController.storyboard in Resources */,
				64347ACE2192D7A9008AF92C /* WSMiddleVoiceView.xib in Resources */,
				641A9E2521895D09009E0ECE /* LaunchImage-700-568h@2x.png in Resources */,
				641A9E2021895D09009E0ECE /* LaunchImage@2x.png in Resources */,
				641A9E2121895D09009E0ECE /* LaunchImage-568h@2x.png in Resources */,
				64D2612F2193D4B5000510E8 /* WSSeeBigPictureViewController.xib in Resources */,
				64347ABC21928E9C008AF92C /* WSTopicTopView.xib in Resources */,
				641A9E2321895D09009E0ECE /* LaunchImage-800-Portrait-736h@3x.png in Resources */,
				641A9E2421895D09009E0ECE /* LaunchImage-700@2x.png in Resources */,
				640EDC59218A9B2B00A217F5 /* WSRegisterLoginView.xib in Resources */,
				640EDC66218AEB6600A217F5 /* WSSquareCell.xib in Resources */,
				641A9E1621893790009E0ECE /* WSADViewController.xib in Resources */,
			);
			runOnlyForDeploymentPostprocessing = 0;
		};
/* End PBXResourcesBuildPhase section */

/* Begin PBXShellScriptBuildPhase section */
		8704B67EE7F9E59762449658 /* [CP] Copy Pods Resources */ = {
			isa = PBXShellScriptBuildPhase;
			buildActionMask = 2147483647;
			files = (
			);
			inputFileListPaths = (
			);
			inputPaths = (
				"${SRCROOT}/Pods/Target Support Files/Pods-BuDeJie2/Pods-BuDeJie2-resources.sh",
				"${PODS_ROOT}/SVProgressHUD/SVProgressHUD/SVProgressHUD.bundle",
			);
			name = "[CP] Copy Pods Resources";
			outputFileListPaths = (
			);
			outputPaths = (
				"${TARGET_BUILD_DIR}/${UNLOCALIZED_RESOURCES_FOLDER_PATH}/SVProgressHUD.bundle",
			);
			runOnlyForDeploymentPostprocessing = 0;
			shellPath = /bin/sh;
			shellScript = "\"${SRCROOT}/Pods/Target Support Files/Pods-BuDeJie2/Pods-BuDeJie2-resources.sh\"\n";
			showEnvVarsInLog = 0;
		};
		9A5CE80DBCE35EAA0D4EB4CC /* [CP] Check Pods Manifest.lock */ = {
			isa = PBXShellScriptBuildPhase;
			buildActionMask = 2147483647;
			files = (
			);
			inputFileListPaths = (
			);
			inputPaths = (
				"${PODS_PODFILE_DIR_PATH}/Podfile.lock",
				"${PODS_ROOT}/Manifest.lock",
			);
			name = "[CP] Check Pods Manifest.lock";
			outputFileListPaths = (
			);
			outputPaths = (
				"$(DERIVED_FILE_DIR)/Pods-BuDeJie2-checkManifestLockResult.txt",
			);
			runOnlyForDeploymentPostprocessing = 0;
			shellPath = /bin/sh;
			shellScript = "diff \"${PODS_PODFILE_DIR_PATH}/Podfile.lock\" \"${PODS_ROOT}/Manifest.lock\" > /dev/null\nif [ $? != 0 ] ; then\n    # print error to STDERR\n    echo \"error: The sandbox is not in sync with the Podfile.lock. Run 'pod install' or update your CocoaPods installation.\" >&2\n    exit 1\nfi\n# This output is used by Xcode 'outputs' to avoid re-running this script phase.\necho \"SUCCESS\" > \"${SCRIPT_OUTPUT_FILE_0}\"\n";
			showEnvVarsInLog = 0;
		};
/* End PBXShellScriptBuildPhase section */

/* Begin PBXSourcesBuildPhase section */
		84AC191C217B6B9C00A522C2 /* Sources */ = {
			isa = PBXSourcesBuildPhase;
			buildActionMask = 2147483647;
			files = (
				64347ABA21928E86008AF92C /* WSMiddlePictureView.m in Sources */,
				640EDC4D2189B37400A217F5 /* WSFriendTrendNoLoginView.m in Sources */,
				84AC195B217B803800A522C2 /* WSTabBarController.m in Sources */,
				64223C4F218BDF13008F64D9 /* WSFastLoginViewController.m in Sources */,
				84AC197E217F5E5A00A522C2 /* WSSettingViewController.m in Sources */,
				64347AA2218FD35B008AF92C /* WSVideoViewController.m in Sources */,
				64347AA8218FD383008AF92C /* WSVoiceViewController.m in Sources */,
				84AC198D217F7CD600A522C2 /* WSBackButton.m in Sources */,
				64D2613521943488000510E8 /* UIImageView+Download.m in Sources */,
				84AC1977217F597D00A522C2 /* UIBarButtonItem+Item.m in Sources */,
				84AC1955217B7B6500A522C2 /* AppDelegate.m in Sources */,
				64D2613B21943C07000510E8 /* UIImage+Image.m in Sources */,
				640EDC57218A9B1D00A217F5 /* WSRegisterLoginView.m in Sources */,
				64347AB52191686B008AF92C /* WSTopicTopView.m in Sources */,
				64347A9F218FD33D008AF92C /* WSAllViewController.m in Sources */,
				84AC1964217B814400A522C2 /* WSFriendTrendViewController.m in Sources */,
				84AC1954217B7B6500A522C2 /* main.m in Sources */,
				64347AAE2191388B008AF92C /* WSTopicCell.m in Sources */,
				64347AAB218FD39A008AF92C /* WSWordViewController.m in Sources */,
				64347AC72192CFD7008AF92C /* WSMiddleVideoView.m in Sources */,
				64347AC42192C5F4008AF92C /* WSBaseView.m in Sources */,
				642907102189877C00CEDDB3 /* WSADViewController.m in Sources */,
				64347ABF21929813008AF92C /* WSTopicFrameItem.m in Sources */,
				640EDC53218A8AC600A217F5 /* WSLoginRegisterViewController.m in Sources */,
				64347AB221915EA5008AF92C /* WSTopicItem.m in Sources */,
				640EDC5C218ACF2E00A217F5 /* WSLoginTextField.m in Sources */,
				84AC1981217F6AFE00A522C2 /* UIView+Extension.m in Sources */,
				84AC196A217B817600A522C2 /* WSPublishViewController.m in Sources */,
				64223C56218C38FB008F64D9 /* WSFileTool.m in Sources */,
				64347AA5218FD371008AF92C /* WSPictureViewController.m in Sources */,
				641A9E30218977E5009E0ECE /* AFHTTPSessionManager+manager.m in Sources */,
				84AC1961217B812C00A522C2 /* WSNewViewController.m in Sources */,
				64D2612E2193D4B5000510E8 /* WSSeeBigPictureViewController.m in Sources */,
				640EDC69218AEDA000A217F5 /* WSSquareItem.m in Sources */,
				640EDC3E2189993100A217F5 /* WSSubTagViewController.m in Sources */,
				84AC195E217B810D00A522C2 /* WSEssenceViewController.m in Sources */,
				84AC1984217F6F4300A522C2 /* WSBackView.m in Sources */,
				84AC1987217F6F5A00A522C2 /* WSNavigationBar.m in Sources */,
				640EDC65218AEB6600A217F5 /* WSSquareCell.m in Sources */,
				64223C52218BF51A008F64D9 /* WSFastButton.m in Sources */,
				640EDC5F218AD1DF00A217F5 /* UITextField+placeholder.m in Sources */,
				84AC196D217F492D00A522C2 /* WSNavigationController.m in Sources */,
				64347AD12192DE87008AF92C /* WSBottomToolBarView.m in Sources */,
				640EDC4521899DCC00A217F5 /* WSSubTagItem.m in Sources */,
				64D2613E21957A61000510E8 /* NSDate+Extension.m in Sources */,
				64D26132219422AD000510E8 /* WSPhotoTool.m in Sources */,
				640EDC4221899BAD00A217F5 /* WSConst.m in Sources */,
				64347ACC2192D76C008AF92C /* WSMiddleVoiceView.m in Sources */,
				84AC1967217B815D00A522C2 /* WSMineViewController.m in Sources */,
				641A9E3321897EEE009E0ECE /* WSADItem.m in Sources */,
				640EDC4921899FCA00A217F5 /* WSSubTagCell.m in Sources */,
			);
			runOnlyForDeploymentPostprocessing = 0;
		};
/* End PBXSourcesBuildPhase section */

/* Begin XCBuildConfiguration section */
		84AC1934217B6B9D00A522C2 /* Debug */ = {
			isa = XCBuildConfiguration;
			buildSettings = {
				ALWAYS_SEARCH_USER_PATHS = NO;
				CLANG_ANALYZER_NONNULL = YES;
				CLANG_ANALYZER_NUMBER_OBJECT_CONVERSION = YES_AGGRESSIVE;
				CLANG_CXX_LANGUAGE_STANDARD = "gnu++14";
				CLANG_CXX_LIBRARY = "libc++";
				CLANG_ENABLE_MODULES = YES;
				CLANG_ENABLE_OBJC_ARC = YES;
				CLANG_WARN_BLOCK_CAPTURE_AUTORELEASING = YES;
				CLANG_WARN_BOOL_CONVERSION = YES;
				CLANG_WARN_COMMA = YES;
				CLANG_WARN_CONSTANT_CONVERSION = YES;
				CLANG_WARN_DEPRECATED_OBJC_IMPLEMENTATIONS = YES;
				CLANG_WARN_DIRECT_OBJC_ISA_USAGE = YES_ERROR;
				CLANG_WARN_DOCUMENTATION_COMMENTS = YES;
				CLANG_WARN_EMPTY_BODY = YES;
				CLANG_WARN_ENUM_CONVERSION = YES;
				CLANG_WARN_INFINITE_RECURSION = YES;
				CLANG_WARN_INT_CONVERSION = YES;
				CLANG_WARN_NON_LITERAL_NULL_CONVERSION = YES;
				CLANG_WARN_OBJC_IMPLICIT_RETAIN_SELF = YES;
				CLANG_WARN_OBJC_LITERAL_CONVERSION = YES;
				CLANG_WARN_OBJC_ROOT_CLASS = YES_ERROR;
				CLANG_WARN_RANGE_LOOP_ANALYSIS = YES;
				CLANG_WARN_STRICT_PROTOTYPES = YES;
				CLANG_WARN_SUSPICIOUS_MOVE = YES;
				CLANG_WARN_UNGUARDED_AVAILABILITY = YES_AGGRESSIVE;
				CLANG_WARN_UNREACHABLE_CODE = YES;
				CLANG_WARN__DUPLICATE_METHOD_MATCH = YES;
				CODE_SIGN_IDENTITY = "iPhone Developer";
				COPY_PHASE_STRIP = NO;
				DEBUG_INFORMATION_FORMAT = dwarf;
				ENABLE_STRICT_OBJC_MSGSEND = YES;
				ENABLE_TESTABILITY = YES;
				GCC_C_LANGUAGE_STANDARD = gnu11;
				GCC_DYNAMIC_NO_PIC = NO;
				GCC_NO_COMMON_BLOCKS = YES;
				GCC_OPTIMIZATION_LEVEL = 0;
				GCC_PREPROCESSOR_DEFINITIONS = (
					"DEBUG=1",
					"$(inherited)",
				);
				GCC_WARN_64_TO_32_BIT_CONVERSION = YES;
				GCC_WARN_ABOUT_RETURN_TYPE = YES_ERROR;
				GCC_WARN_UNDECLARED_SELECTOR = YES;
				GCC_WARN_UNINITIALIZED_AUTOS = YES_AGGRESSIVE;
				GCC_WARN_UNUSED_FUNCTION = YES;
				GCC_WARN_UNUSED_VARIABLE = YES;
				IPHONEOS_DEPLOYMENT_TARGET = 11.2;
				MTL_ENABLE_DEBUG_INFO = YES;
				ONLY_ACTIVE_ARCH = YES;
				SDKROOT = iphoneos;
			};
			name = Debug;
		};
		84AC1935217B6B9D00A522C2 /* Release */ = {
			isa = XCBuildConfiguration;
			buildSettings = {
				ALWAYS_SEARCH_USER_PATHS = NO;
				CLANG_ANALYZER_NONNULL = YES;
				CLANG_ANALYZER_NUMBER_OBJECT_CONVERSION = YES_AGGRESSIVE;
				CLANG_CXX_LANGUAGE_STANDARD = "gnu++14";
				CLANG_CXX_LIBRARY = "libc++";
				CLANG_ENABLE_MODULES = YES;
				CLANG_ENABLE_OBJC_ARC = YES;
				CLANG_WARN_BLOCK_CAPTURE_AUTORELEASING = YES;
				CLANG_WARN_BOOL_CONVERSION = YES;
				CLANG_WARN_COMMA = YES;
				CLANG_WARN_CONSTANT_CONVERSION = YES;
				CLANG_WARN_DEPRECATED_OBJC_IMPLEMENTATIONS = YES;
				CLANG_WARN_DIRECT_OBJC_ISA_USAGE = YES_ERROR;
				CLANG_WARN_DOCUMENTATION_COMMENTS = YES;
				CLANG_WARN_EMPTY_BODY = YES;
				CLANG_WARN_ENUM_CONVERSION = YES;
				CLANG_WARN_INFINITE_RECURSION = YES;
				CLANG_WARN_INT_CONVERSION = YES;
				CLANG_WARN_NON_LITERAL_NULL_CONVERSION = YES;
				CLANG_WARN_OBJC_IMPLICIT_RETAIN_SELF = YES;
				CLANG_WARN_OBJC_LITERAL_CONVERSION = YES;
				CLANG_WARN_OBJC_ROOT_CLASS = YES_ERROR;
				CLANG_WARN_RANGE_LOOP_ANALYSIS = YES;
				CLANG_WARN_STRICT_PROTOTYPES = YES;
				CLANG_WARN_SUSPICIOUS_MOVE = YES;
				CLANG_WARN_UNGUARDED_AVAILABILITY = YES_AGGRESSIVE;
				CLANG_WARN_UNREACHABLE_CODE = YES;
				CLANG_WARN__DUPLICATE_METHOD_MATCH = YES;
				CODE_SIGN_IDENTITY = "iPhone Developer";
				COPY_PHASE_STRIP = NO;
				DEBUG_INFORMATION_FORMAT = "dwarf-with-dsym";
				ENABLE_NS_ASSERTIONS = NO;
				ENABLE_STRICT_OBJC_MSGSEND = YES;
				GCC_C_LANGUAGE_STANDARD = gnu11;
				GCC_NO_COMMON_BLOCKS = YES;
				GCC_WARN_64_TO_32_BIT_CONVERSION = YES;
				GCC_WARN_ABOUT_RETURN_TYPE = YES_ERROR;
				GCC_WARN_UNDECLARED_SELECTOR = YES;
				GCC_WARN_UNINITIALIZED_AUTOS = YES_AGGRESSIVE;
				GCC_WARN_UNUSED_FUNCTION = YES;
				GCC_WARN_UNUSED_VARIABLE = YES;
				IPHONEOS_DEPLOYMENT_TARGET = 11.2;
				MTL_ENABLE_DEBUG_INFO = NO;
				SDKROOT = iphoneos;
				VALIDATE_PRODUCT = YES;
			};
			name = Release;
		};
		84AC1937217B6B9D00A522C2 /* Debug */ = {
			isa = XCBuildConfiguration;
			baseConfigurationReference = 8788588B135E51C56BDF5FA8 /* Pods-BuDeJie2.debug.xcconfig */;
			buildSettings = {
				ASSETCATALOG_COMPILER_APPICON_NAME = AppIcon;
				ASSETCATALOG_COMPILER_LAUNCHIMAGE_NAME = LaunchImage;
				CLANG_ENABLE_OBJC_WEAK = NO;
				CODE_SIGN_STYLE = Automatic;
				GCC_PREFIX_HEADER = BuDeJie2/Classes/Other/BuDeJie.pch;
				INFOPLIST_FILE = BuDeJie2/Info.plist;
				LD_RUNPATH_SEARCH_PATHS = "$(inherited) @executable_path/Frameworks";
				PRODUCT_BUNDLE_IDENTIFIER = com.ws.BuDeJie2;
				PRODUCT_NAME = "$(TARGET_NAME)";
				TARGETED_DEVICE_FAMILY = "1,2";
				USER_HEADER_SEARCH_PATHS = "";
			};
			name = Debug;
		};
		84AC1938217B6B9D00A522C2 /* Release */ = {
			isa = XCBuildConfiguration;
			baseConfigurationReference = 94C647CA0FFCB10FF6BF3AD7 /* Pods-BuDeJie2.release.xcconfig */;
			buildSettings = {
				ASSETCATALOG_COMPILER_APPICON_NAME = AppIcon;
				ASSETCATALOG_COMPILER_LAUNCHIMAGE_NAME = LaunchImage;
				CLANG_ENABLE_OBJC_WEAK = NO;
				CODE_SIGN_STYLE = Automatic;
				GCC_PREFIX_HEADER = BuDeJie2/Classes/Other/BuDeJie.pch;
				INFOPLIST_FILE = BuDeJie2/Info.plist;
				LD_RUNPATH_SEARCH_PATHS = "$(inherited) @executable_path/Frameworks";
				PRODUCT_BUNDLE_IDENTIFIER = com.ws.BuDeJie2;
				PRODUCT_NAME = "$(TARGET_NAME)";
				TARGETED_DEVICE_FAMILY = "1,2";
				USER_HEADER_SEARCH_PATHS = "";
			};
			name = Release;
		};
/* End XCBuildConfiguration section */

/* Begin XCConfigurationList section */
		84AC191B217B6B9C00A522C2 /* Build configuration list for PBXProject "BuDeJie2" */ = {
			isa = XCConfigurationList;
			buildConfigurations = (
				84AC1934217B6B9D00A522C2 /* Debug */,
				84AC1935217B6B9D00A522C2 /* Release */,
			);
			defaultConfigurationIsVisible = 0;
			defaultConfigurationName = Release;
		};
		84AC1936217B6B9D00A522C2 /* Build configuration list for PBXNativeTarget "BuDeJie2" */ = {
			isa = XCConfigurationList;
			buildConfigurations = (
				84AC1937217B6B9D00A522C2 /* Debug */,
				84AC1938217B6B9D00A522C2 /* Release */,
			);
			defaultConfigurationIsVisible = 0;
			defaultConfigurationName = Release;
		};
/* End XCConfigurationList section */
	};
	rootObject = 84AC1918217B6B9C00A522C2 /* Project object */;
}
